
Microsoft Visual Studio Solution File, Format Version 12.00
# Visual Studio Version 16
VisualStudioVersion = 16.0.30002.166
MinimumVisualStudioVersion = 10.0.40219.1
Project("{FAE04EC0-301F-11D3-BF4B-00C04F79EFBC}") = "BankingTests", "BankingTests\BankingTests.csproj", "{23B35470-391E-4D7E-934D-E63B8F5583B2}"
EndProject
Project("{FAE04EC0-301F-11D3-BF4B-00C04F79EFBC}") = "BankingDomain", "BankingDomain\BankingDomain.csproj", "{3C212289-7FBA-40AB-8394-4E2AE38C4428}"
EndProject
Global
	GlobalSection(SolutionConfigurationPlatforms) = preSolution
		Debug|Any CPU = Debug|Any CPU
		Release|Any CPU = Release|Any CPU
	EndGlobalSection
	GlobalSection(ProjectConfigurationPlatforms) = postSolution
		{23B35470-391E-4D7E-934D-E63B8F5583B2}.Debug|Any CPU.ActiveCfg = Debug|Any CPU
		{23B35470-391E-4D7E-934D-E63B8F5583B2}.Debug|Any CPU.Build.0 = Debug|Any CPU
		{23B35470-391E-4D7E-934D-E63B8F5583B2}.Release|Any CPU.ActiveCfg = Release|Any CPU
		{23B35470-391E-4D7E-934D-E63B8F5583B2}.Release|Any CPU.Build.0 = Release|Any CPU
		{3C212289-7FBA-40AB-8394-4E2AE38C4428}.Debug|Any CPU.ActiveCfg = Debug|Any CPU
		{3C212289-7FBA-40AB-8394-4E2AE38C4428}.Debug|Any CPU.Build.0 = Debug|Any CPU
		{3C212289-7FBA-40AB-8394-4E2AE38C4428}.Release|Any CPU.ActiveCfg = Release|Any CPU
		{3C212289-7FBA-40AB-8394-4E2AE38C4428}.Release|Any CPU.Build.0 = Release|Any CPU
	EndGlobalSection
	GlobalSection(SolutionProperties) = preSolution
		HideSolutionNode = FALSE
	EndGlobalSection
	GlobalSection(ExtensibilityGlobals) = postSolution
		SolutionGuid = {ECDA3278-2563-4CF7-BB74-F67882181F12}
	EndGlobalSection
EndGlobal
